
Microsoft Visual Studio Solution File, Format Version 12.00
# Visual Studio Version 16
VisualStudioVersion = 16.0.29509.3
MinimumVisualStudioVersion = 10.0.40219.1
Project("{FAE04EC0-301F-11D3-BF4B-00C04F79EFBC}") = "FurryNachoLevelEditor", "FurryNachoLevelEditor\FurryNachoLevelEditor.csproj", "{7ABA63BD-45AA-4AEF-A6AA-43A8F2853067}"
EndProject
Global
	GlobalSection(SolutionConfigurationPlatforms) = preSolution
		Debug|Any CPU = Debug|Any CPU
		Release|Any CPU = Release|Any CPU
	EndGlobalSection
	GlobalSection(ProjectConfigurationPlatforms) = postSolution
		{7ABA63BD-45AA-4AEF-A6AA-43A8F2853067}.Debug|Any CPU.ActiveCfg = Debug|Any CPU
		{7ABA63BD-45AA-4AEF-A6AA-43A8F2853067}.Debug|Any CPU.Build.0 = Debug|Any CPU
		{7ABA63BD-45AA-4AEF-A6AA-43A8F2853067}.Release|Any CPU.ActiveCfg = Release|Any CPU
		{7ABA63BD-45AA-4AEF-A6AA-43A8F2853067}.Release|Any CPU.Build.0 = Release|Any CPU
	EndGlobalSection
	GlobalSection(SolutionProperties) = preSolution
		HideSolutionNode = FALSE
	EndGlobalSection
	GlobalSection(ExtensibilityGlobals) = postSolution
		SolutionGuid = {83AB0BA0-ADB1-4317-8870-344B2EECE549}
	EndGlobalSection
EndGlobal
